
Microsoft Visual Studio Solution File, Format Version 12.00
# Visual Studio Version 16
VisualStudioVersion = 16.0.30002.166
MinimumVisualStudioVersion = 10.0.40219.1
Project("{FAE04EC0-301F-11D3-BF4B-00C04F79EFBC}") = "Siniflar_Ornek", "Siniflar_Ornek\Siniflar_Ornek.csproj", "{D3228D87-FAAA-40B8-BC6C-BA36F9E17F0A}"
EndProject
Global
	GlobalSection(SolutionConfigurationPlatforms) = preSolution
		Debug|Any CPU = Debug|Any CPU
		Release|Any CPU = Release|Any CPU
	EndGlobalSection
	GlobalSection(ProjectConfigurationPlatforms) = postSolution
		{D3228D87-FAAA-40B8-BC6C-BA36F9E17F0A}.Debug|Any CPU.ActiveCfg = Debug|Any CPU
		{D3228D87-FAAA-40B8-BC6C-BA36F9E17F0A}.Debug|Any CPU.Build.0 = Debug|Any CPU
		{D3228D87-FAAA-40B8-BC6C-BA36F9E17F0A}.Release|Any CPU.ActiveCfg = Release|Any CPU
		{D3228D87-FAAA-40B8-BC6C-BA36F9E17F0A}.Release|Any CPU.Build.0 = Release|Any CPU
	EndGlobalSection
	GlobalSection(SolutionProperties) = preSolution
		HideSolutionNode = FALSE
	EndGlobalSection
	GlobalSection(ExtensibilityGlobals) = postSolution
		SolutionGuid = {85666280-C58E-4F9A-A96A-B1553BEE6A12}
	EndGlobalSection
EndGlobal
