
Microsoft Visual Studio Solution File, Format Version 12.00
# Visual Studio Version 16
VisualStudioVersion = 16.0.30002.166
MinimumVisualStudioVersion = 10.0.40219.1
Project("{FAE04EC0-301F-11D3-BF4B-00C04F79EFBC}") = "Captcha_Kullanimi", "Captcha_Kullanimi\Captcha_Kullanimi.csproj", "{45D4D4FD-0210-4C2F-BE93-2B1A22150647}"
EndProject
Global
	GlobalSection(SolutionConfigurationPlatforms) = preSolution
		Debug|Any CPU = Debug|Any CPU
		Release|Any CPU = Release|Any CPU
	EndGlobalSection
	GlobalSection(ProjectConfigurationPlatforms) = postSolution
		{45D4D4FD-0210-4C2F-BE93-2B1A22150647}.Debug|Any CPU.ActiveCfg = Debug|Any CPU
		{45D4D4FD-0210-4C2F-BE93-2B1A22150647}.Debug|Any CPU.Build.0 = Debug|Any CPU
		{45D4D4FD-0210-4C2F-BE93-2B1A22150647}.Release|Any CPU.ActiveCfg = Release|Any CPU
		{45D4D4FD-0210-4C2F-BE93-2B1A22150647}.Release|Any CPU.Build.0 = Release|Any CPU
	EndGlobalSection
	GlobalSection(SolutionProperties) = preSolution
		HideSolutionNode = FALSE
	EndGlobalSection
	GlobalSection(ExtensibilityGlobals) = postSolution
		SolutionGuid = {569AA0EB-F33E-4338-B8CE-B11B8AE1DE22}
	EndGlobalSection
EndGlobal
