
Microsoft Visual Studio Solution File, Format Version 12.00
# Visual Studio Version 16
VisualStudioVersion = 16.0.30002.166
MinimumVisualStudioVersion = 10.0.40219.1
Project("{FAE04EC0-301F-11D3-BF4B-00C04F79EFBC}") = "Metotlar", "Metotlar\Metotlar.csproj", "{4EB2C266-BFAA-4C4A-ACF4-F71E9FFA572C}"
EndProject
Global
	GlobalSection(SolutionConfigurationPlatforms) = preSolution
		Debug|Any CPU = Debug|Any CPU
		Release|Any CPU = Release|Any CPU
	EndGlobalSection
	GlobalSection(ProjectConfigurationPlatforms) = postSolution
		{4EB2C266-BFAA-4C4A-ACF4-F71E9FFA572C}.Debug|Any CPU.ActiveCfg = Debug|Any CPU
		{4EB2C266-BFAA-4C4A-ACF4-F71E9FFA572C}.Debug|Any CPU.Build.0 = Debug|Any CPU
		{4EB2C266-BFAA-4C4A-ACF4-F71E9FFA572C}.Release|Any CPU.ActiveCfg = Release|Any CPU
		{4EB2C266-BFAA-4C4A-ACF4-F71E9FFA572C}.Release|Any CPU.Build.0 = Release|Any CPU
	EndGlobalSection
	GlobalSection(SolutionProperties) = preSolution
		HideSolutionNode = FALSE
	EndGlobalSection
	GlobalSection(ExtensibilityGlobals) = postSolution
		SolutionGuid = {B8D56048-6F74-4BBB-AAFD-263B977BF060}
	EndGlobalSection
EndGlobal
