
Microsoft Visual Studio Solution File, Format Version 12.00
# Visual Studio Version 16
VisualStudioVersion = 16.0.30002.166
MinimumVisualStudioVersion = 10.0.40219.1
Project("{FAE04EC0-301F-11D3-BF4B-00C04F79EFBC}") = "Hastane_Projesi", "Hastane_Projesi\Hastane_Projesi.csproj", "{8F39DF7F-A61F-4A5F-B2EB-294E0A7C12B9}"
EndProject
Global
	GlobalSection(SolutionConfigurationPlatforms) = preSolution
		Debug|Any CPU = Debug|Any CPU
		Release|Any CPU = Release|Any CPU
	EndGlobalSection
	GlobalSection(ProjectConfigurationPlatforms) = postSolution
		{8F39DF7F-A61F-4A5F-B2EB-294E0A7C12B9}.Debug|Any CPU.ActiveCfg = Debug|Any CPU
		{8F39DF7F-A61F-4A5F-B2EB-294E0A7C12B9}.Debug|Any CPU.Build.0 = Debug|Any CPU
		{8F39DF7F-A61F-4A5F-B2EB-294E0A7C12B9}.Release|Any CPU.ActiveCfg = Release|Any CPU
		{8F39DF7F-A61F-4A5F-B2EB-294E0A7C12B9}.Release|Any CPU.Build.0 = Release|Any CPU
	EndGlobalSection
	GlobalSection(SolutionProperties) = preSolution
		HideSolutionNode = FALSE
	EndGlobalSection
	GlobalSection(ExtensibilityGlobals) = postSolution
		SolutionGuid = {B91451E6-EC4D-46E3-92DE-E8C5B2D704FB}
	EndGlobalSection
EndGlobal
