
Microsoft Visual Studio Solution File, Format Version 12.00
# Visual Studio Version 16
VisualStudioVersion = 16.0.30002.166
MinimumVisualStudioVersion = 10.0.40219.1
Project("{FAE04EC0-301F-11D3-BF4B-00C04F79EFBC}") = "Personel_Kayit_Projesi", "Personel_Kayit_Projesi\Personel_Kayit_Projesi.csproj", "{8FDEC581-834E-41E4-8DE1-F9741BC6DE68}"
EndProject
Global
	GlobalSection(SolutionConfigurationPlatforms) = preSolution
		Debug|Any CPU = Debug|Any CPU
		Release|Any CPU = Release|Any CPU
	EndGlobalSection
	GlobalSection(ProjectConfigurationPlatforms) = postSolution
		{8FDEC581-834E-41E4-8DE1-F9741BC6DE68}.Debug|Any CPU.ActiveCfg = Debug|Any CPU
		{8FDEC581-834E-41E4-8DE1-F9741BC6DE68}.Debug|Any CPU.Build.0 = Debug|Any CPU
		{8FDEC581-834E-41E4-8DE1-F9741BC6DE68}.Release|Any CPU.ActiveCfg = Release|Any CPU
		{8FDEC581-834E-41E4-8DE1-F9741BC6DE68}.Release|Any CPU.Build.0 = Release|Any CPU
	EndGlobalSection
	GlobalSection(SolutionProperties) = preSolution
		HideSolutionNode = FALSE
	EndGlobalSection
	GlobalSection(ExtensibilityGlobals) = postSolution
		SolutionGuid = {BB708B7B-4482-4F2B-A759-C58F4F761750}
	EndGlobalSection
EndGlobal
